PODS:
  - ElectrodeContainer (1.0.2)

DEPENDENCIES:
  - ElectrodeContainer (from `https://github.com/quanghoang0101/ewallet-container-ios.git`, tag `v1.0.2`)

EXTERNAL SOURCES:
  ElectrodeContainer:
    :git: https://github.com/quanghoang0101/ewallet-container-ios.git
    :tag: v1.0.2

CHECKOUT OPTIONS:
  ElectrodeContainer:
    :git: https://github.com/quanghoang0101/ewallet-container-ios.git
    :tag: v1.0.2

SPEC CHECKSUMS:
  ElectrodeContainer: 401b610e24b301f4f167ad68c08b9c7e4cf90949

PODFILE CHECKSUM: 9dfe7ed8a1ff8c5e5098492cb0187385a5f261ed

COCOAPODS: 1.14.3
