PODS:
  - CreditCardView (0.1.1)
  - ElectrodeContainer (1.0.4)

DEPENDENCIES:
  - CreditCardView
  - ElectrodeContainer (from `https://github.com/quanghoang0101/ewallet-container-ios.git`, tag `v1.0.4`)

SPEC REPOS:
  trunk:
    - CreditCardView

EXTERNAL SOURCES:
  ElectrodeContainer:
    :git: https://github.com/quanghoang0101/ewallet-container-ios.git
    :tag: v1.0.4

CHECKOUT OPTIONS:
  ElectrodeContainer:
    :git: https://github.com/quanghoang0101/ewallet-container-ios.git
    :tag: v1.0.4

SPEC CHECKSUMS:
  CreditCardView: 2f4c9dbede61e2867067b1dbdb8a2b3366d04500
  ElectrodeContainer: 9f889111ee3dabdded6b72a2eaa5597581539d27

PODFILE CHECKSUM: 5194ca9d01ac4478e4173d4ad62a775486c3158b

COCOAPODS: 1.14.3
